// !$*UTF8*$!
{
	archiveVersion = 1;
	classes = {
	};
	objectVersion = 56;
	objects = {

/* Begin PBXBuildFile section */
		A482C94A2993B752006C74D6 /* CachedUser+CoreDataClass.swift in Sources */ = {isa = PBXBuildFile; fileRef = A482C9482993B752006C74D6 /* CachedUser+CoreDataClass.swift */; };
		A482C94B2993B752006C74D6 /* CachedUser+CoreDataProperties.swift in Sources */ = {isa = PBXBuildFile; fileRef = A482C9492993B752006C74D6 /* CachedUser+CoreDataProperties.swift */; };
		A4EC4AF229927979006F59E9 /* FriendFaceApp.swift in Sources */ = {isa = PBXBuildFile; fileRef = A4EC4AF129927979006F59E9 /* FriendFaceApp.swift */; };
		A4EC4AF429927979006F59E9 /* ContentView.swift in Sources */ = {isa = PBXBuildFile; fileRef = A4EC4AF329927979006F59E9 /* ContentView.swift */; };
		A4EC4AF62992797B006F59E9 /* Assets.xcassets in Resources */ = {isa = PBXBuildFile; fileRef = A4EC4AF52992797B006F59E9 /* Assets.xcassets */; };
		A4EC4AF92992797B006F59E9 /* Preview Assets.xcassets in Resources */ = {isa = PBXBuildFile; fileRef = A4EC4AF82992797B006F59E9 /* Preview Assets.xcassets */; };
		A4EC4B002992799D006F59E9 /* User.swift in Sources */ = {isa = PBXBuildFile; fileRef = A4EC4AFF2992799D006F59E9 /* User.swift */; };
		A4EC4B0229927B49006F59E9 /* Friend.swift in Sources */ = {isa = PBXBuildFile; fileRef = A4EC4B0129927B49006F59E9 /* Friend.swift */; };
		A4EC4B0429928C22006F59E9 /* UserView.swift in Sources */ = {isa = PBXBuildFile; fileRef = A4EC4B0329928C22006F59E9 /* UserView.swift */; };
		A4EC4B0629929568006F59E9 /* UserDetailView.swift in Sources */ = {isa = PBXBuildFile; fileRef = A4EC4B0529929568006F59E9 /* UserDetailView.swift */; };
		A4EC4B092993AC7F006F59E9 /* FriendFace.xcdatamodeld in Sources */ = {isa = PBXBuildFile; fileRef = A4EC4B072993AC7F006F59E9 /* FriendFace.xcdatamodeld */; };
		A4EC4B0B2993AE4C006F59E9 /* DataController.swift in Sources */ = {isa = PBXBuildFile; fileRef = A4EC4B0A2993AE4C006F59E9 /* DataController.swift */; };
		A4EC4B122993B1D3006F59E9 /* CachedFriend+CoreDataClass.swift in Sources */ = {isa = PBXBuildFile; fileRef = A4EC4B102993B1D3006F59E9 /* CachedFriend+CoreDataClass.swift */; };
		A4EC4B132993B1D3006F59E9 /* CachedFriend+CoreDataProperties.swift in Sources */ = {isa = PBXBuildFile; fileRef = A4EC4B112993B1D3006F59E9 /* CachedFriend+CoreDataProperties.swift */; };
/* End PBXBuildFile section */

/* Begin PBXFileReference section */
		A482C9482993B752006C74D6 /* CachedUser+CoreDataClass.swift */ = {isa = PBXFileReference; lastKnownFileType = sourcecode.swift; path = "CachedUser+CoreDataClass.swift"; sourceTree = "<group>"; };
		A482C9492993B752006C74D6 /* CachedUser+CoreDataProperties.swift */ = {isa = PBXFileReference; lastKnownFileType = sourcecode.swift; path = "CachedUser+CoreDataProperties.swift"; sourceTree = "<group>"; };
		A4EC4AEE29927979006F59E9 /* FriendFace.app */ = {isa = PBXFileReference; explicitFileType = wrapper.application; includeInIndex = 0; path = FriendFace.app; sourceTree = BUILT_PRODUCTS_DIR; };
		A4EC4AF129927979006F59E9 /* FriendFaceApp.swift */ = {isa = PBXFileReference; lastKnownFileType = sourcecode.swift; path = FriendFaceApp.swift; sourceTree = "<group>"; };
		A4EC4AF329927979006F59E9 /* ContentView.swift */ = {isa = PBXFileReference; lastKnownFileType = sourcecode.swift; path = ContentView.swift; sourceTree = "<group>"; };
		A4EC4AF52992797B006F59E9 /* Assets.xcassets */ = {isa = PBXFileReference; lastKnownFileType = folder.assetcatalog; path = Assets.xcassets; sourceTree = "<group>"; };
		A4EC4AF82992797B006F59E9 /* Preview Assets.xcassets */ = {isa = PBXFileReference; lastKnownFileType = folder.assetcatalog; path = "Preview Assets.xcassets"; sourceTree = "<group>"; };
		A4EC4AFF2992799D006F59E9 /* User.swift */ = {isa = PBXFileReference; lastKnownFileType = sourcecode.swift; path = User.swift; sourceTree = "<group>"; };
		A4EC4B0129927B49006F59E9 /* Friend.swift */ = {isa = PBXFileReference; lastKnownFileType = sourcecode.swift; path = Friend.swift; sourceTree = "<group>"; };
		A4EC4B0329928C22006F59E9 /* UserView.swift */ = {isa = PBXFileReference; lastKnownFileType = sourcecode.swift; path = UserView.swift; sourceTree = "<group>"; };
		A4EC4B0529929568006F59E9 /* UserDetailView.swift */ = {isa = PBXFileReference; lastKnownFileType = sourcecode.swift; path = UserDetailView.swift; sourceTree = "<group>"; };
		A4EC4B082993AC7F006F59E9 /* FriendFace.xcdatamodel */ = {isa = PBXFileReference; lastKnownFileType = wrapper.xcdatamodel; path = FriendFace.xcdatamodel; sourceTree = "<group>"; };
		A4EC4B0A2993AE4C006F59E9 /* DataController.swift */ = {isa = PBXFileReference; lastKnownFileType = sourcecode.swift; path = DataController.swift; sourceTree = "<group>"; };
		A4EC4B102993B1D3006F59E9 /* CachedFriend+CoreDataClass.swift */ = {isa = PBXFileReference; lastKnownFileType = sourcecode.swift; path = "CachedFriend+CoreDataClass.swift"; sourceTree = "<group>"; };
		A4EC4B112993B1D3006F59E9 /* CachedFriend+CoreDataProperties.swift */ = {isa = PBXFileReference; lastKnownFileType = sourcecode.swift; path = "CachedFriend+CoreDataProperties.swift"; sourceTree = "<group>"; };
/* End PBXFileReference section */

/* Begin PBXFrameworksBuildPhase section */
		A4EC4AEB29927979006F59E9 /* Frameworks */ = {
			isa = PBXFrameworksBuildPhase;
			buildActionMask = 2147483647;
			files = (
			);
			runOnlyForDeploymentPostprocessing = 0;
		};
/* End PBXFrameworksBuildPhase section */

/* Begin PBXGroup section */
		A4EC4AE529927979006F59E9 = {
			isa = PBXGroup;
			children = (
				A4EC4AF029927979006F59E9 /* FriendFace */,
				A4EC4AEF29927979006F59E9 /* Products */,
			);
			sourceTree = "<group>";
		};
		A4EC4AEF29927979006F59E9 /* Products */ = {
			isa = PBXGroup;
			children = (
				A4EC4AEE29927979006F59E9 /* FriendFace.app */,
			);
			name = Products;
			sourceTree = "<group>";
		};
		A4EC4AF029927979006F59E9 /* FriendFace */ = {
			isa = PBXGroup;
			children = (
				A482C9482993B752006C74D6 /* CachedUser+CoreDataClass.swift */,
				A482C9492993B752006C74D6 /* CachedUser+CoreDataProperties.swift */,
				A4EC4B102993B1D3006F59E9 /* CachedFriend+CoreDataClass.swift */,
				A4EC4B112993B1D3006F59E9 /* CachedFriend+CoreDataProperties.swift */,
				A4EC4AF129927979006F59E9 /* FriendFaceApp.swift */,
				A4EC4B0A2993AE4C006F59E9 /* DataController.swift */,
				A4EC4B072993AC7F006F59E9 /* FriendFace.xcdatamodeld */,
				A4EC4B0529929568006F59E9 /* UserDetailView.swift */,
				A4EC4AF329927979006F59E9 /* ContentView.swift */,
				A4EC4B0329928C22006F59E9 /* UserView.swift */,
				A4EC4AF52992797B006F59E9 /* Assets.xcassets */,
				A4EC4B0129927B49006F59E9 /* Friend.swift */,
				A4EC4AFF2992799D006F59E9 /* User.swift */,
				A4EC4AF72992797B006F59E9 /* Preview Content */,
			);
			path = FriendFace;
			sourceTree = "<group>";
		};
		A4EC4AF72992797B006F59E9 /* Preview Content */ = {
			isa = PBXGroup;
			children = (
				A4EC4AF82992797B006F59E9 /* Preview Assets.xcassets */,
			);
			path = "Preview Content";
			sourceTree = "<group>";
		};
/* End PBXGroup section */

/* Begin PBXNativeTarget section */
		A4EC4AED29927979006F59E9 /* FriendFace */ = {
			isa = PBXNativeTarget;
			buildConfigurationList = A4EC4AFC2992797B006F59E9 /* Build configuration list for PBXNativeTarget "FriendFace" */;
			buildPhases = (
				A4EC4AEA29927979006F59E9 /* Sources */,
				A4EC4AEB29927979006F59E9 /* Frameworks */,
				A4EC4AEC29927979006F59E9 /* Resources */,
			);
			buildRules = (
			);
			dependencies = (
			);
			name = FriendFace;
			productName = FriendFace;
			productReference = A4EC4AEE29927979006F59E9 /* FriendFace.app */;
			productType = "com.apple.product-type.application";
		};
/* End PBXNativeTarget section */

/* Begin PBXProject section */
		A4EC4AE629927979006F59E9 /* Project object */ = {
			isa = PBXProject;
			attributes = {
				BuildIndependentTargetsInParallel = 1;
				LastSwiftUpdateCheck = 1420;
				LastUpgradeCheck = 1420;
				TargetAttributes = {
					A4EC4AED29927979006F59E9 = {
						CreatedOnToolsVersion = 14.2;
					};
				};
			};
			buildConfigurationList = A4EC4AE929927979006F59E9 /* Build configuration list for PBXProject "FriendFace" */;
			compatibilityVersion = "Xcode 14.0";
			developmentRegion = en;
			hasScannedForEncodings = 0;
			knownRegions = (
				en,
				Base,
			);
			mainGroup = A4EC4AE529927979006F59E9;
			productRefGroup = A4EC4AEF29927979006F59E9 /* Products */;
			projectDirPath = "";
			projectRoot = "";
			targets = (
				A4EC4AED29927979006F59E9 /* FriendFace */,
			);
		};
/* End PBXProject section */

/* Begin PBXResourcesBuildPhase section */
		A4EC4AEC29927979006F59E9 /* Resources */ = {
			isa = PBXResourcesBuildPhase;
			buildActionMask = 2147483647;
			files = (
				A4EC4AF92992797B006F59E9 /* Preview Assets.xcassets in Resources */,
				A4EC4AF62992797B006F59E9 /* Assets.xcassets in Resources */,
			);
			runOnlyForDeploymentPostprocessing = 0;
		};
/* End PBXResourcesBuildPhase section */

/* Begin PBXSourcesBuildPhase section */
		A4EC4AEA29927979006F59E9 /* Sources */ = {
			isa = PBXSourcesBuildPhase;
			buildActionMask = 2147483647;
			files = (
				A4EC4AF429927979006F59E9 /* ContentView.swift in Sources */,
				A4EC4AF229927979006F59E9 /* FriendFaceApp.swift in Sources */,
				A4EC4B0429928C22006F59E9 /* UserView.swift in Sources */,
				A4EC4B092993AC7F006F59E9 /* FriendFace.xcdatamodeld in Sources */,
				A482C94B2993B752006C74D6 /* CachedUser+CoreDataProperties.swift in Sources */,
				A4EC4B002992799D006F59E9 /* User.swift in Sources */,
				A4EC4B132993B1D3006F59E9 /* CachedFriend+CoreDataProperties.swift in Sources */,
				A4EC4B0B2993AE4C006F59E9 /* DataController.swift in Sources */,
				A4EC4B122993B1D3006F59E9 /* CachedFriend+CoreDataClass.swift in Sources */,
				A482C94A2993B752006C74D6 /* CachedUser+CoreDataClass.swift in Sources */,
				A4EC4B0629929568006F59E9 /* UserDetailView.swift in Sources */,
				A4EC4B0229927B49006F59E9 /* Friend.swift in Sources */,
			);
			runOnlyForDeploymentPostprocessing = 0;
		};
/* End PBXSourcesBuildPhase section */

/* Begin XCBuildConfiguration section */
		A4EC4AFA2992797B006F59E9 /* Debug */ = {
			isa = XCBuildConfiguration;
			buildSettings = {
				ALWAYS_SEARCH_USER_PATHS = NO;
				CLANG_ANALYZER_NONNULL = YES;
				CLANG_ANALYZER_NUMBER_OBJECT_CONVERSION = YES_AGGRESSIVE;
				CLANG_CXX_LANGUAGE_STANDARD = "gnu++20";
				CLANG_ENABLE_MODULES = YES;
				CLANG_ENABLE_OBJC_ARC = YES;
				CLANG_ENABLE_OBJC_WEAK = YES;
				CLANG_WARN_BLOCK_CAPTURE_AUTORELEASING = YES;
				CLANG_WARN_BOOL_CONVERSION = YES;
				CLANG_WARN_COMMA = YES;
				CLANG_WARN_CONSTANT_CONVERSION = YES;
				CLANG_WARN_DEPRECATED_OBJC_IMPLEMENTATIONS = YES;
				CLANG_WARN_DIRECT_OBJC_ISA_USAGE = YES_ERROR;
				CLANG_WARN_DOCUMENTATION_COMMENTS = YES;
				CLANG_WARN_EMPTY_BODY = YES;
				CLANG_WARN_ENUM_CONVERSION = YES;
				CLANG_WARN_INFINITE_RECURSION = YES;
				CLANG_WARN_INT_CONVERSION = YES;
				CLANG_WARN_NON_LITERAL_NULL_CONVERSION = YES;
				CLANG_WARN_OBJC_IMPLICIT_RETAIN_SELF = YES;
				CLANG_WARN_OBJC_LITERAL_CONVERSION = YES;
				CLANG_WARN_OBJC_ROOT_CLASS = YES_ERROR;
				CLANG_WARN_QUOTED_INCLUDE_IN_FRAMEWORK_HEADER = YES;
				CLANG_WARN_RANGE_LOOP_ANALYSIS = YES;
				CLANG_WARN_STRICT_PROTOTYPES = YES;
				CLANG_WARN_SUSPICIOUS_MOVE = YES;
				CLANG_WARN_UNGUARDED_AVAILABILITY = YES_AGGRESSIVE;
				CLANG_WARN_UNREACHABLE_CODE = YES;
				CLANG_WARN__DUPLICATE_METHOD_MATCH = YES;
				COPY_PHASE_STRIP = NO;
				DEBUG_INFORMATION_FORMAT = dwarf;
				ENABLE_STRICT_OBJC_MSGSEND = YES;
				ENABLE_TESTABILITY = YES;
				GCC_C_LANGUAGE_STANDARD = gnu11;
				GCC_DYNAMIC_NO_PIC = NO;
				GCC_NO_COMMON_BLOCKS = YES;
				GCC_OPTIMIZATION_LEVEL = 0;
				GCC_PREPROCESSOR_DEFINITIONS = (
					"DEBUG=1",
					"$(inherited)",
				);
				GCC_WARN_64_TO_32_BIT_CONVERSION = YES;
				GCC_WARN_ABOUT_RETURN_TYPE = YES_ERROR;
				GCC_WARN_UNDECLARED_SELECTOR = YES;
				GCC_WARN_UNINITIALIZED_AUTOS = YES_AGGRESSIVE;
				GCC_WARN_UNUSED_FUNCTION = YES;
				GCC_WARN_UNUSED_VARIABLE = YES;
				IPHONEOS_DEPLOYMENT_TARGET = 16.2;
				MTL_ENABLE_DEBUG_INFO = INCLUDE_SOURCE;
				MTL_FAST_MATH = YES;
				ONLY_ACTIVE_ARCH = YES;
				SDKROOT = iphoneos;
				SWIFT_ACTIVE_COMPILATION_CONDITIONS = DEBUG;
				SWIFT_OPTIMIZATION_LEVEL = "-Onone";
			};
			name = Debug;
		};
		A4EC4AFB2992797B006F59E9 /* Release */ = {
			isa = XCBuildConfiguration;
			buildSettings = {
				ALWAYS_SEARCH_USER_PATHS = NO;
				CLANG_ANALYZER_NONNULL = YES;
				CLANG_ANALYZER_NUMBER_OBJECT_CONVERSION = YES_AGGRESSIVE;
				CLANG_CXX_LANGUAGE_STANDARD = "gnu++20";
				CLANG_ENABLE_MODULES = YES;
				CLANG_ENABLE_OBJC_ARC = YES;
				CLANG_ENABLE_OBJC_WEAK = YES;
				CLANG_WARN_BLOCK_CAPTURE_AUTORELEASING = YES;
				CLANG_WARN_BOOL_CONVERSION = YES;
				CLANG_WARN_COMMA = YES;
				CLANG_WARN_CONSTANT_CONVERSION = YES;
				CLANG_WARN_DEPRECATED_OBJC_IMPLEMENTATIONS = YES;
				CLANG_WARN_DIRECT_OBJC_ISA_USAGE = YES_ERROR;
				CLANG_WARN_DOCUMENTATION_COMMENTS = YES;
				CLANG_WARN_EMPTY_BODY = YES;
				CLANG_WARN_ENUM_CONVERSION = YES;
				CLANG_WARN_INFINITE_RECURSION = YES;
				CLANG_WARN_INT_CONVERSION = YES;
				CLANG_WARN_NON_LITERAL_NULL_CONVERSION = YES;
				CLANG_WARN_OBJC_IMPLICIT_RETAIN_SELF = YES;
				CLANG_WARN_OBJC_LITERAL_CONVERSION = YES;
				CLANG_WARN_OBJC_ROOT_CLASS = YES_ERROR;
				CLANG_WARN_QUOTED_INCLUDE_IN_FRAMEWORK_HEADER = YES;
				CLANG_WARN_RANGE_LOOP_ANALYSIS = YES;
				CLANG_WARN_STRICT_PROTOTYPES = YES;
				CLANG_WARN_SUSPICIOUS_MOVE = YES;
				CLANG_WARN_UNGUARDED_AVAILABILITY = YES_AGGRESSIVE;
				CLANG_WARN_UNREACHABLE_CODE = YES;
				CLANG_WARN__DUPLICATE_METHOD_MATCH = YES;
				COPY_PHASE_STRIP = NO;
				DEBUG_INFORMATION_FORMAT = "dwarf-with-dsym";
				ENABLE_NS_ASSERTIONS = NO;
				ENABLE_STRICT_OBJC_MSGSEND = YES;
				GCC_C_LANGUAGE_STANDARD = gnu11;
				GCC_NO_COMMON_BLOCKS = YES;
				GCC_WARN_64_TO_32_BIT_CONVERSION = YES;
				GCC_WARN_ABOUT_RETURN_TYPE = YES_ERROR;
				GCC_WARN_UNDECLARED_SELECTOR = YES;
				GCC_WARN_UNINITIALIZED_AUTOS = YES_AGGRESSIVE;
				GCC_WARN_UNUSED_FUNCTION = YES;
				GCC_WARN_UNUSED_VARIABLE = YES;
				IPHONEOS_DEPLOYMENT_TARGET = 16.2;
				MTL_ENABLE_DEBUG_INFO = NO;
				MTL_FAST_MATH = YES;
				SDKROOT = iphoneos;
				SWIFT_COMPILATION_MODE = wholemodule;
				SWIFT_OPTIMIZATION_LEVEL = "-O";
				VALIDATE_PRODUCT = YES;
			};
			name = Release;
		};
		A4EC4AFD2992797B006F59E9 /* Debug */ = {
			isa = XCBuildConfiguration;
			buildSettings = {
				ASSETCATALOG_COMPILER_APPICON_NAME = AppIcon;
				ASSETCATALOG_COMPILER_GLOBAL_ACCENT_COLOR_NAME = AccentColor;
				CODE_SIGN_STYLE = Automatic;
				CURRENT_PROJECT_VERSION = 1;
				DEVELOPMENT_ASSET_PATHS = "\"FriendFace/Preview Content\"";
				DEVELOPMENT_TEAM = 97TE7EN37M;
				ENABLE_PREVIEWS = YES;
				GENERATE_INFOPLIST_FILE = YES;
				INFOPLIST_KEY_UIApplicationSceneManifest_Generation = YES;
				INFOPLIST_KEY_UIApplicationSupportsIndirectInputEvents = YES;
				INFOPLIST_KEY_UILaunchScreen_Generation = YES;
				INFOPLIST_KEY_UISupportedInterfaceOrientations_iPad = "UIInterfaceOrientationPortrait UIInterfaceOrientationPortraitUpsideDown UIInterfaceOrientationLandscapeLeft UIInterfaceOrientationLandscapeRight";
				INFOPLIST_KEY_UISupportedInterfaceOrientations_iPhone = "UIInterfaceOrientationPortrait UIInterfaceOrientationLandscapeLeft UIInterfaceOrientationLandscapeRight";
				LD_RUNPATH_SEARCH_PATHS = (
					"$(inherited)",
					"@executable_path/Frameworks",
				);
				MARKETING_VERSION = 1.0;
				PRODUCT_BUNDLE_IDENTIFIER = time7bass.FriendFace;
				PRODUCT_NAME = "$(TARGET_NAME)";
				SWIFT_EMIT_LOC_STRINGS = YES;
				SWIFT_VERSION = 5.0;
				TARGETED_DEVICE_FAMILY = "1,2";
			};
			name = Debug;
		};
		A4EC4AFE2992797B006F59E9 /* Release */ = {
			isa = XCBuildConfiguration;
			buildSettings = {
				ASSETCATALOG_COMPILER_APPICON_NAME = AppIcon;
				ASSETCATALOG_COMPILER_GLOBAL_ACCENT_COLOR_NAME = AccentColor;
				CODE_SIGN_STYLE = Automatic;
				CURRENT_PROJECT_VERSION = 1;
				DEVELOPMENT_ASSET_PATHS = "\"FriendFace/Preview Content\"";
				DEVELOPMENT_TEAM = 97TE7EN37M;
				ENABLE_PREVIEWS = YES;
				GENERATE_INFOPLIST_FILE = YES;
				INFOPLIST_KEY_UIApplicationSceneManifest_Generation = YES;
				INFOPLIST_KEY_UIApplicationSupportsIndirectInputEvents = YES;
				INFOPLIST_KEY_UILaunchScreen_Generation = YES;
				INFOPLIST_KEY_UISupportedInterfaceOrientations_iPad = "UIInterfaceOrientationPortrait UIInterfaceOrientationPortraitUpsideDown UIInterfaceOrientationLandscapeLeft UIInterfaceOrientationLandscapeRight";
				INFOPLIST_KEY_UISupportedInterfaceOrientations_iPhone = "UIInterfaceOrientationPortrait UIInterfaceOrientationLandscapeLeft UIInterfaceOrientationLandscapeRight";
				LD_RUNPATH_SEARCH_PATHS = (
					"$(inherited)",
					"@executable_path/Frameworks",
				);
				MARKETING_VERSION = 1.0;
				PRODUCT_BUNDLE_IDENTIFIER = time7bass.FriendFace;
				PRODUCT_NAME = "$(TARGET_NAME)";
				SWIFT_EMIT_LOC_STRINGS = YES;
				SWIFT_VERSION = 5.0;
				TARGETED_DEVICE_FAMILY = "1,2";
			};
			name = Release;
		};
/* End XCBuildConfiguration section */

/* Begin XCConfigurationList section */
		A4EC4AE929927979006F59E9 /* Build configuration list for PBXProject "FriendFace" */ = {
			isa = XCConfigurationList;
			buildConfigurations = (
				A4EC4AFA2992797B006F59E9 /* Debug */,
				A4EC4AFB2992797B006F59E9 /* Release */,
			);
			defaultConfigurationIsVisible = 0;
			defaultConfigurationName = Release;
		};
		A4EC4AFC2992797B006F59E9 /* Build configuration list for PBXNativeTarget "FriendFace" */ = {
			isa = XCConfigurationList;
			buildConfigurations = (
				A4EC4AFD2992797B006F59E9 /* Debug */,
				A4EC4AFE2992797B006F59E9 /* Release */,
			);
			defaultConfigurationIsVisible = 0;
			defaultConfigurationName = Release;
		};
/* End XCConfigurationList section */

/* Begin XCVersionGroup section */
		A4EC4B072993AC7F006F59E9 /* FriendFace.xcdatamodeld */ = {
			isa = XCVersionGroup;
			children = (
				A4EC4B082993AC7F006F59E9 /* FriendFace.xcdatamodel */,
			);
			currentVersion = A4EC4B082993AC7F006F59E9 /* FriendFace.xcdatamodel */;
			path = FriendFace.xcdatamodeld;
			sourceTree = "<group>";
			versionGroupType = wrapper.xcdatamodel;
		};
/* End XCVersionGroup section */
	};
	rootObject = A4EC4AE629927979006F59E9 /* Project object */;
}
